{
  "name": "context",
  "version": "1.0.0",
  "lockfileVersion": 3,
  "requires": true,
  "packages": {
    "": {
      "name": "context",
      "version": "1.0.0",
      "dependencies": {
        "@limlabs/rex": "file:../../packages/rex",
        "react": "^19.2.4",
        "react-dom": "^19.2.4",
        "react-server-dom-webpack": "^19.2.4"
      },
      "devDependencies": {
        "@types/node": "^22.0.0",
        "@types/react": "^19.2.14",
        "@types/react-dom": "^19.2.3",
        "typescript": "^5.8.0"
      }
    },
    "../../packages/rex": {
      "name": "@limlabs/rex",
      "version": "0.18.0",
      "bin": {
        "rex": "bin/rex.js"
      },
      "devDependencies": {
        "@types/node": "^22.0.0",
        "@types/react": "^19.0.0",
        "typescript": "^5.7.0"
      },
      "optionalDependencies": {
        "@limlabs/rex-darwin-arm64": "0.18.0",
        "@limlabs/rex-darwin-x64": "0.18.0",
        "@limlabs/rex-linux-arm64": "0.18.0",
        "@limlabs/rex-linux-x64": "0.18.0"
      },
      "peerDependencies": {
        "react": "^18.0.0 || ^19.0.0",
        "react-dom": "^18.0.0 || ^19.0.0"
      }
    },
    "../../packages/rex/node_modules/@limlabs/rex-darwin-arm64": {
      "version": "0.18.0",
      "cpu": [
        "arm64"
      ],
      "license": "MIT",
      "optional": true,
      "os": [
        "darwin"
      ]
    },
    "../../packages/rex/node_modules/@types/node": {
      "version": "22.19.15",
      "dev": true,
      "license": "MIT",
      "dependencies": {
        "undici-types": "~6.21.0"
      }
    },
    "../../packages/rex/node_modules/@types/react": {
      "version": "19.2.14",
      "dev": true,
      "license": "MIT",
      "dependencies": {
        "csstype": "^3.2.2"
      }
    },
    "../../packages/rex/node_modules/csstype": {
      "version": "3.2.3",
      "dev": true,
      "license": "MIT"
    },
    "../../packages/rex/node_modules/react": {
      "version": "19.2.4",
      "license": "MIT",
      "peer": true,
      "engines": {
        "node": ">=0.10.0"
      }
    },
    "../../packages/rex/node_modules/react-dom": {
      "version": "19.2.4",
      "license": "MIT",
      "peer": true,
      "dependencies": {
        "scheduler": "^0.27.0"
      },
      "peerDependencies": {
        "react": "^19.2.4"
      }
    },
    "../../packages/rex/node_modules/scheduler": {
      "version": "0.27.0",
      "license": "MIT",
      "peer": true
    },
    "../../packages/rex/node_modules/typescript": {
      "version": "5.9.3",
      "dev": true,
      "license": "Apache-2.0",
      "bin": {
        "tsc": "bin/tsc",
        "tsserver": "bin/tsserver"
      },
      "engines": {
        "node": ">=14.17"
      }
    },
    "../../packages/rex/node_modules/undici-types": {
      "version": "6.21.0",
      "dev": true,
      "license": "MIT"
    },
    "node_modules/@jridgewell/gen-mapping": {
      "version": "0.3.13",
      "license": "MIT",
      "peer": true,
      "dependencies": {
        "@jridgewell/sourcemap-codec": "^1.5.0",
        "@jridgewell/trace-mapping": "^0.3.24"
      }
    },
    "node_modules/@jridgewell/resolve-uri": {
      "version": "3.1.2",
      "license": "MIT",
      "peer": true,
      "engines": {
        "node": ">=6.0.0"
      }
    },
    "node_modules/@jridgewell/source-map": {
      "version": "0.3.11",
      "license": "MIT",
      "peer": true,
      "dependencies": {
        "@jridgewell/gen-mapping": "^0.3.5",
        "@jridgewell/trace-mapping": "^0.3.25"
      }
    },
    "node_modules/@jridgewell/sourcemap-codec": {
      "version": "1.5.5",
      "license": "MIT",
      "peer": true
    },
    "node_modules/@jridgewell/trace-mapping": {
      "version": "0.3.31",
      "license": "MIT",
      "peer": true,
      "dependencies": {
        "@jridgewell/resolve-uri": "^3.1.0",
        "@jridgewell/sourcemap-codec": "^1.4.14"
      }
    },
    "node_modules/@limlabs/rex": {
      "resolved": "../../packages/rex",
      "link": true
    },
    "node_modules/@types/eslint": {
      "version": "9.6.1",
      "license": "MIT",
      "peer": true,
      "dependencies": {
        "@types/estree": "*",
        "@types/json-schema": "*"
      }
    },
    "node_modules/@types/eslint-scope": {
      "version": "3.7.7",
      "license": "MIT",
      "peer": true,
      "dependencies": {
        "@types/eslint": "*",
        "@types/estree": "*"
      }
    },
    "node_modules/@types/estree": {
      "version": "1.0.8",
      "license": "MIT",
      "peer": true
    },
    "node_modules/@types/json-schema": {
      "version": "7.0.15",
      "license": "MIT",
      "peer": true
    },
    "node_modules/@types/node": {
      "version": "22.19.15",
      "license": "MIT",
      "dependencies": {
        "undici-types": "~6.21.0"
      }
    },
    "node_modules/@types/react": {
      "version": "19.2.14",
      "dev": true,
      "license": "MIT",
      "dependencies": {
        "csstype": "^3.2.2"
      }
    },
    "node_modules/@types/react-dom": {
      "version": "19.2.3",
      "dev": true,
      "license": "MIT",
      "peerDependencies": {
        "@types/react": "^19.2.0"
      }
    },
    "node_modules/@webassemblyjs/ast": {
      "version": "1.14.1",
      "license": "MIT",
      "peer": true,
      "dependencies": {
        "@webassemblyjs/helper-numbers": "1.13.2",
        "@webassemblyjs/helper-wasm-bytecode": "1.13.2"
      }
    },
    "node_modules/@webassemblyjs/floating-point-hex-parser": {
      "version": "1.13.2",
      "license": "MIT",
      "peer": true
    },
    "node_modules/@webassemblyjs/helper-api-error": {
      "version": "1.13.2",
      "license": "MIT",
      "peer": true
    },
    "node_modules/@webassemblyjs/helper-buffer": {
      "version": "1.14.1",
      "license": "MIT",
      "peer": true
    },
    "node_modules/@webassemblyjs/helper-numbers": {
      "version": "1.13.2",
      "license": "MIT",
      "peer": true,
      "dependencies": {
        "@webassemblyjs/floating-point-hex-parser": "1.13.2",
        "@webassemblyjs/helper-api-error": "1.13.2",
        "@xtuc/long": "4.2.2"
      }
    },
    "node_modules/@webassemblyjs/helper-wasm-bytecode": {
      "version": "1.13.2",
      "license": "MIT",
      "peer": true
    },
    "node_modules/@webassemblyjs/helper-wasm-section": {
      "version": "1.14.1",
      "license": "MIT",
      "peer": true,
      "dependencies": {
        "@webassemblyjs/ast": "1.14.1",
        "@webassemblyjs/helper-buffer": "1.14.1",
        "@webassemblyjs/helper-wasm-bytecode": "1.13.2",
        "@webassemblyjs/wasm-gen": "1.14.1"
      }
    },
    "node_modules/@webassemblyjs/ieee754": {
      "version": "1.13.2",
      "license": "MIT",
      "peer": true,
      "dependencies": {
        "@xtuc/ieee754": "^1.2.0"
      }
    },
    "node_modules/@webassemblyjs/leb128": {
      "version": "1.13.2",
      "license": "Apache-2.0",
      "peer": true,
      "dependencies": {
        "@xtuc/long": "4.2.2"
      }
    },
    "node_modules/@webassemblyjs/utf8": {
      "version": "1.13.2",
      "license": "MIT",
      "peer": true
    },
    "node_modules/@webassemblyjs/wasm-edit": {
      "version": "1.14.1",
      "license": "MIT",
      "peer": true,
      "dependencies": {
        "@webassemblyjs/ast": "1.14.1",
        "@webassemblyjs/helper-buffer": "1.14.1",
        "@webassemblyjs/helper-wasm-bytecode": "1.13.2",
        "@webassemblyjs/helper-wasm-section": "1.14.1",
        "@webassemblyjs/wasm-gen": "1.14.1",
        "@webassemblyjs/wasm-opt": "1.14.1",
        "@webassemblyjs/wasm-parser": "1.14.1",
        "@webassemblyjs/wast-printer": "1.14.1"
      }
    },
    "node_modules/@webassemblyjs/wasm-gen": {
      "version": "1.14.1",
      "license": "MIT",
      "peer": true,
      "dependencies": {
        "@webassemblyjs/ast": "1.14.1",
        "@webassemblyjs/helper-wasm-bytecode": "1.13.2",
        "@webassemblyjs/ieee754": "1.13.2",
        "@webassemblyjs/leb128": "1.13.2",
        "@webassemblyjs/utf8": "1.13.2"
      }
    },
    "node_modules/@webassemblyjs/wasm-opt": {
      "version": "1.14.1",
      "license": "MIT",
      "peer": true,
      "dependencies": {
        "@webassemblyjs/ast": "1.14.1",
        "@webassemblyjs/helper-buffer": "1.14.1",
        "@webassemblyjs/wasm-gen": "1.14.1",
        "@webassemblyjs/wasm-parser": "1.14.1"
      }
    },
    "node_modules/@webassemblyjs/wasm-parser": {
      "version": "1.14.1",
      "license": "MIT",
      "peer": true,
      "dependencies": {
        "@webassemblyjs/ast": "1.14.1",
        "@webassemblyjs/helper-api-error": "1.13.2",
        "@webassemblyjs/helper-wasm-bytecode": "1.13.2",
        "@webassemblyjs/ieee754": "1.13.2",
        "@webassemblyjs/leb128": "1.13.2",
        "@webassemblyjs/utf8": "1.13.2"
      }
    },
    "node_modules/@webassemblyjs/wast-printer": {
      "version": "1.14.1",
      "license": "MIT",
      "peer": true,
      "dependencies": {
        "@webassemblyjs/ast": "1.14.1",
        "@xtuc/long": "4.2.2"
      }
    },
    "node_modules/@xtuc/ieee754": {
      "version": "1.2.0",
      "license": "BSD-3-Clause",
      "peer": true
    },
    "node_modules/@xtuc/long": {
      "version": "4.2.2",
      "license": "Apache-2.0",
      "peer": true
    },
    "node_modules/acorn": {
      "version": "8.16.0",
      "license": "MIT",
      "bin": {
        "acorn": "bin/acorn"
      },
      "engines": {
        "node": ">=0.4.0"
      }
    },
    "node_modules/acorn-import-phases": {
      "version": "1.0.4",
      "license": "MIT",
      "peer": true,
      "engines": {
        "node": ">=10.13.0"
      },
      "peerDependencies": {
        "acorn": "^8.14.0"
      }
    },
    "node_modules/acorn-loose": {
      "version": "8.5.2",
      "license": "MIT",
      "dependencies": {
        "acorn": "^8.15.0"
      },
      "engines": {
        "node": ">=0.4.0"
      }
    },
    "node_modules/ajv": {
      "version": "8.18.0",
      "license": "MIT",
      "peer": true,
      "dependencies": {
        "fast-deep-equal": "^3.1.3",
        "fast-uri": "^3.0.1",
        "json-schema-traverse": "^1.0.0",
        "require-from-string": "^2.0.2"
      },
      "funding": {
        "type": "github",
        "url": "https://github.com/sponsors/epoberezkin"
      }
    },
    "node_modules/ajv-formats": {
      "version": "2.1.1",
      "license": "MIT",
      "peer": true,
      "dependencies": {
        "ajv": "^8.0.0"
      },
      "peerDependencies": {
        "ajv": "^8.0.0"
      },
      "peerDependenciesMeta": {
        "ajv": {
          "optional": true
        }
      }
    },
    "node_modules/ajv-keywords": {
      "version": "5.1.0",
      "license": "MIT",
      "peer": true,
      "dependencies": {
        "fast-deep-equal": "^3.1.3"
      },
      "peerDependencies": {
        "ajv": "^8.8.2"
      }
    },
    "node_modules/baseline-browser-mapping": {
      "version": "2.10.8",
      "license": "Apache-2.0",
      "peer": true,
      "bin": {
        "baseline-browser-mapping": "dist/cli.cjs"
      },
      "engines": {
        "node": ">=6.0.0"
      }
    },
    "node_modules/browserslist": {
      "version": "4.28.1",
      "funding": [
        {
          "type": "opencollective",
          "url": "https://opencollective.com/browserslist"
        },
        {
          "type": "tidelift",
          "url": "https://tidelift.com/funding/github/npm/browserslist"
        },
        {
          "type": "github",
          "url": "https://github.com/sponsors/ai"
        }
      ],
      "license": "MIT",
      "peer": true,
      "dependencies": {
        "baseline-browser-mapping": "^2.9.0",
        "caniuse-lite": "^1.0.30001759",
        "electron-to-chromium": "^1.5.263",
        "node-releases": "^2.0.27",
        "update-browserslist-db": "^1.2.0"
      },
      "bin": {
        "browserslist": "cli.js"
      },
      "engines": {
        "node": "^6 || ^7 || ^8 || ^9 || ^10 || ^11 || ^12 || >=13.7"
      }
    },
    "node_modules/buffer-from": {
      "version": "1.1.2",
      "license": "MIT",
      "peer": true
    },
    "node_modules/caniuse-lite": {
      "version": "1.0.30001778",
      "funding": [
        {
          "type": "opencollective",
          "url": "https://opencollective.com/browserslist"
        },
        {
          "type": "tidelift",
          "url": "https://tidelift.com/funding/github/npm/caniuse-lite"
        },
        {
          "type": "github",
          "url": "https://github.com/sponsors/ai"
        }
      ],
      "license": "CC-BY-4.0",
      "peer": true
    },
    "node_modules/chrome-trace-event": {
      "version": "1.0.4",
      "license": "MIT",
      "peer": true,
      "engines": {
        "node": ">=6.0"
      }
    },
    "node_modules/commander": {
      "version": "2.20.3",
      "license": "MIT",
      "peer": true
    },
    "node_modules/csstype": {
      "version": "3.2.3",
      "dev": true,
      "license": "MIT"
    },
    "node_modules/electron-to-chromium": {
      "version": "1.5.313",
      "license": "ISC",
      "peer": true
    },
    "node_modules/enhanced-resolve": {
      "version": "5.20.0",
      "license": "MIT",
      "peer": true,
      "dependencies": {
        "graceful-fs": "^4.2.4",
        "tapable": "^2.3.0"
      },
      "engines": {
        "node": ">=10.13.0"
      }
    },
    "node_modules/es-module-lexer": {
      "version": "2.0.0",
      "license": "MIT",
      "peer": true
    },
    "node_modules/escalade": {
      "version": "3.2.0",
      "license": "MIT",
      "peer": true,
      "engines": {
        "node": ">=6"
      }
    },
    "node_modules/eslint-scope": {
      "version": "5.1.1",
      "license": "BSD-2-Clause",
      "peer": true,
      "dependencies": {
        "esrecurse": "^4.3.0",
        "estraverse": "^4.1.1"
      },
      "engines": {
        "node": ">=8.0.0"
      }
    },
    "node_modules/esrecurse": {
      "version": "4.3.0",
      "license": "BSD-2-Clause",
      "peer": true,
      "dependencies": {
        "estraverse": "^5.2.0"
      },
      "engines": {
        "node": ">=4.0"
      }
    },
    "node_modules/esrecurse/node_modules/estraverse": {
      "version": "5.3.0",
      "license": "BSD-2-Clause",
      "peer": true,
      "engines": {
        "node": ">=4.0"
      }
    },
    "node_modules/estraverse": {
      "version": "4.3.0",
      "license": "BSD-2-Clause",
      "peer": true,
      "engines": {
        "node": ">=4.0"
      }
    },
    "node_modules/events": {
      "version": "3.3.0",
      "license": "MIT",
      "peer": true,
      "engines": {
        "node": ">=0.8.x"
      }
    },
    "node_modules/fast-deep-equal": {
      "version": "3.1.3",
      "license": "MIT",
      "peer": true
    },
    "node_modules/fast-uri": {
      "version": "3.1.0",
      "funding": [
        {
          "type": "github",
          "url": "https://github.com/sponsors/fastify"
        },
        {
          "type": "opencollective",
          "url": "https://opencollective.com/fastify"
        }
      ],
      "license": "BSD-3-Clause",
      "peer": true
    },
    "node_modules/glob-to-regexp": {
      "version": "0.4.1",
      "license": "BSD-2-Clause",
      "peer": true
    },
    "node_modules/graceful-fs": {
      "version": "4.2.11",
      "license": "ISC",
      "peer": true
    },
    "node_modules/has-flag": {
      "version": "4.0.0",
      "license": "MIT",
      "peer": true,
      "engines": {
        "node": ">=8"
      }
    },
    "node_modules/jest-worker": {
      "version": "27.5.1",
      "license": "MIT",
      "peer": true,
      "dependencies": {
        "@types/node": "*",
        "merge-stream": "^2.0.0",
        "supports-color": "^8.0.0"
      },
      "engines": {
        "node": ">= 10.13.0"
      }
    },
    "node_modules/json-parse-even-better-errors": {
      "version": "2.3.1",
      "license": "MIT",
      "peer": true
    },
    "node_modules/json-schema-traverse": {
      "version": "1.0.0",
      "license": "MIT",
      "peer": true
    },
    "node_modules/loader-runner": {
      "version": "4.3.1",
      "license": "MIT",
      "peer": true,
      "engines": {
        "node": ">=6.11.5"
      },
      "funding": {
        "type": "opencollective",
        "url": "https://opencollective.com/webpack"
      }
    },
    "node_modules/merge-stream": {
      "version": "2.0.0",
      "license": "MIT",
      "peer": true
    },
    "node_modules/mime-db": {
      "version": "1.52.0",
      "license": "MIT",
      "peer": true,
      "engines": {
        "node": ">= 0.6"
      }
    },
    "node_modules/mime-types": {
      "version": "2.1.35",
      "license": "MIT",
      "peer": true,
      "dependencies": {
        "mime-db": "1.52.0"
      },
      "engines": {
        "node": ">= 0.6"
      }
    },
    "node_modules/neo-async": {
      "version": "2.6.2",
      "license": "MIT"
    },
    "node_modules/node-releases": {
      "version": "2.0.36",
      "license": "MIT",
      "peer": true
    },
    "node_modules/picocolors": {
      "version": "1.1.1",
      "license": "ISC",
      "peer": true
    },
    "node_modules/react": {
      "version": "19.2.4",
      "license": "MIT",
      "engines": {
        "node": ">=0.10.0"
      }
    },
    "node_modules/react-dom": {
      "version": "19.2.4",
      "license": "MIT",
      "dependencies": {
        "scheduler": "^0.27.0"
      },
      "peerDependencies": {
        "react": "^19.2.4"
      }
    },
    "node_modules/react-server-dom-webpack": {
      "version": "19.2.4",
      "license": "MIT",
      "dependencies": {
        "acorn-loose": "^8.3.0",
        "neo-async": "^2.6.1",
        "webpack-sources": "^3.2.0"
      },
      "engines": {
        "node": ">=0.10.0"
      },
      "peerDependencies": {
        "react": "^19.2.4",
        "react-dom": "^19.2.4",
        "webpack": "^5.59.0"
      }
    },
    "node_modules/require-from-string": {
      "version": "2.0.2",
      "license": "MIT",
      "peer": true,
      "engines": {
        "node": ">=0.10.0"
      }
    },
    "node_modules/scheduler": {
      "version": "0.27.0",
      "license": "MIT"
    },
    "node_modules/schema-utils": {
      "version": "4.3.3",
      "license": "MIT",
      "peer": true,
      "dependencies": {
        "@types/json-schema": "^7.0.9",
        "ajv": "^8.9.0",
        "ajv-formats": "^2.1.1",
        "ajv-keywords": "^5.1.0"
      },
      "engines": {
        "node": ">= 10.13.0"
      },
      "funding": {
        "type": "opencollective",
        "url": "https://opencollective.com/webpack"
      }
    },
    "node_modules/source-map": {
      "version": "0.6.1",
      "license": "BSD-3-Clause",
      "peer": true,
      "engines": {
        "node": ">=0.10.0"
      }
    },
    "node_modules/source-map-support": {
      "version": "0.5.21",
      "license": "MIT",
      "peer": true,
      "dependencies": {
        "buffer-from": "^1.0.0",
        "source-map": "^0.6.0"
      }
    },
    "node_modules/supports-color": {
      "version": "8.1.1",
      "license": "MIT",
      "peer": true,
      "dependencies": {
        "has-flag": "^4.0.0"
      },
      "engines": {
        "node": ">=10"
      },
      "funding": {
        "url": "https://github.com/chalk/supports-color?sponsor=1"
      }
    },
    "node_modules/tapable": {
      "version": "2.3.0",
      "license": "MIT",
      "peer": true,
      "engines": {
        "node": ">=6"
      },
      "funding": {
        "type": "opencollective",
        "url": "https://opencollective.com/webpack"
      }
    },
    "node_modules/terser": {
      "version": "5.46.0",
      "license": "BSD-2-Clause",
      "peer": true,
      "dependencies": {
        "@jridgewell/source-map": "^0.3.3",
        "acorn": "^8.15.0",
        "commander": "^2.20.0",
        "source-map-support": "~0.5.20"
      },
      "bin": {
        "terser": "bin/terser"
      },
      "engines": {
        "node": ">=10"
      }
    },
    "node_modules/terser-webpack-plugin": {
      "version": "5.4.0",
      "license": "MIT",
      "peer": true,
      "dependencies": {
        "@jridgewell/trace-mapping": "^0.3.25",
        "jest-worker": "^27.4.5",
        "schema-utils": "^4.3.0",
        "terser": "^5.31.1"
      },
      "engines": {
        "node": ">= 10.13.0"
      },
      "funding": {
        "type": "opencollective",
        "url": "https://opencollective.com/webpack"
      },
      "peerDependencies": {
        "webpack": "^5.1.0"
      },
      "peerDependenciesMeta": {
        "@swc/core": {
          "optional": true
        },
        "esbuild": {
          "optional": true
        },
        "uglify-js": {
          "optional": true
        }
      }
    },
    "node_modules/typescript": {
      "version": "5.9.3",
      "dev": true,
      "license": "Apache-2.0",
      "bin": {
        "tsc": "bin/tsc",
        "tsserver": "bin/tsserver"
      },
      "engines": {
        "node": ">=14.17"
      }
    },
    "node_modules/undici-types": {
      "version": "6.21.0",
      "license": "MIT"
    },
    "node_modules/update-browserslist-db": {
      "version": "1.2.3",
      "funding": [
        {
          "type": "opencollective",
          "url": "https://opencollective.com/browserslist"
        },
        {
          "type": "tidelift",
          "url": "https://tidelift.com/funding/github/npm/browserslist"
        },
        {
          "type": "github",
          "url": "https://github.com/sponsors/ai"
        }
      ],
      "license": "MIT",
      "peer": true,
      "dependencies": {
        "escalade": "^3.2.0",
        "picocolors": "^1.1.1"
      },
      "bin": {
        "update-browserslist-db": "cli.js"
      },
      "peerDependencies": {
        "browserslist": ">= 4.21.0"
      }
    },
    "node_modules/watchpack": {
      "version": "2.5.1",
      "license": "MIT",
      "peer": true,
      "dependencies": {
        "glob-to-regexp": "^0.4.1",
        "graceful-fs": "^4.1.2"
      },
      "engines": {
        "node": ">=10.13.0"
      }
    },
    "node_modules/webpack": {
      "version": "5.105.4",
      "license": "MIT",
      "peer": true,
      "dependencies": {
        "@types/eslint-scope": "^3.7.7",
        "@types/estree": "^1.0.8",
        "@types/json-schema": "^7.0.15",
        "@webassemblyjs/ast": "^1.14.1",
        "@webassemblyjs/wasm-edit": "^1.14.1",
        "@webassemblyjs/wasm-parser": "^1.14.1",
        "acorn": "^8.16.0",
        "acorn-import-phases": "^1.0.3",
        "browserslist": "^4.28.1",
        "chrome-trace-event": "^1.0.2",
        "enhanced-resolve": "^5.20.0",
        "es-module-lexer": "^2.0.0",
        "eslint-scope": "5.1.1",
        "events": "^3.2.0",
        "glob-to-regexp": "^0.4.1",
        "graceful-fs": "^4.2.11",
        "json-parse-even-better-errors": "^2.3.1",
        "loader-runner": "^4.3.1",
        "mime-types": "^2.1.27",
        "neo-async": "^2.6.2",
        "schema-utils": "^4.3.3",
        "tapable": "^2.3.0",
        "terser-webpack-plugin": "^5.3.17",
        "watchpack": "^2.5.1",
        "webpack-sources": "^3.3.4"
      },
      "bin": {
        "webpack": "bin/webpack.js"
      },
      "engines": {
        "node": ">=10.13.0"
      },
      "funding": {
        "type": "opencollective",
        "url": "https://opencollective.com/webpack"
      },
      "peerDependenciesMeta": {
        "webpack-cli": {
          "optional": true
        }
      }
    },
    "node_modules/webpack-sources": {
      "version": "3.3.4",
      "license": "MIT",
      "engines": {
        "node": ">=10.13.0"
      }
    }
  }
}
